
Microsoft Visual Studio Solution File, Format Version 12.00
# Visual Studio Version 16
VisualStudioVersion = 16.0.31605.320
MinimumVisualStudioVersion = 10.0.40219.1
Project("{FAE04EC0-301F-11D3-BF4B-00C04F79EFBC}") = "learn cs", "learn cs\learn cs.csproj", "{6EFE6E6E-CD15-4392-8C94-F4A38D119955}"
EndProject
Global
	GlobalSection(SolutionConfigurationPlatforms) = preSolution
		Debug|Any CPU = Debug|Any CPU
		Release|Any CPU = Release|Any CPU
	EndGlobalSection
	GlobalSection(ProjectConfigurationPlatforms) = postSolution
		{6EFE6E6E-CD15-4392-8C94-F4A38D119955}.Debug|Any CPU.ActiveCfg = Debug|Any CPU
		{6EFE6E6E-CD15-4392-8C94-F4A38D119955}.Debug|Any CPU.Build.0 = Debug|Any CPU
		{6EFE6E6E-CD15-4392-8C94-F4A38D119955}.Release|Any CPU.ActiveCfg = Release|Any CPU
		{6EFE6E6E-CD15-4392-8C94-F4A38D119955}.Release|Any CPU.Build.0 = Release|Any CPU
	EndGlobalSection
	GlobalSection(SolutionProperties) = preSolution
		HideSolutionNode = FALSE
	EndGlobalSection
	GlobalSection(ExtensibilityGlobals) = postSolution
		SolutionGuid = {37E1BE69-6182-4952-AD75-7951CF183D89}
	EndGlobalSection
EndGlobal
